// !$*UTF8*$!
{
	archiveVersion = 1;
	classes = {
	};
	objectVersion = 50;
	objects = {

/* Begin PBXBuildFile section */
		10262C572193F6C400DE2DB2 /* MoviesViewController.m in Sources */ = {isa = PBXBuildFile; fileRef = 10262C562193F6C400DE2DB2 /* MoviesViewController.m */; };
		10262C5D219502B600DE2DB2 /* MovieCell.m in Sources */ = {isa = PBXBuildFile; fileRef = 10262C5C219502B600DE2DB2 /* MovieCell.m */; };
		10262C60219A3C0A00DE2DB2 /* DetailsViewController.m in Sources */ = {isa = PBXBuildFile; fileRef = 10262C5F219A3C0A00DE2DB2 /* DetailsViewController.m */; };
		109A3D77217BCF3800B92077 /* AppDelegate.m in Sources */ = {isa = PBXBuildFile; fileRef = 109A3D76217BCF3800B92077 /* AppDelegate.m */; };
		109A3D7D217BCF3800B92077 /* Main.storyboard in Resources */ = {isa = PBXBuildFile; fileRef = 109A3D7B217BCF3800B92077 /* Main.storyboard */; };
		109A3D7F217BCF3B00B92077 /* Assets.xcassets in Resources */ = {isa = PBXBuildFile; fileRef = 109A3D7E217BCF3B00B92077 /* Assets.xcassets */; };
		109A3D82217BCF3B00B92077 /* LaunchScreen.storyboard in Resources */ = {isa = PBXBuildFile; fileRef = 109A3D80217BCF3B00B92077 /* LaunchScreen.storyboard */; };
		109A3D85217BCF3B00B92077 /* main.m in Sources */ = {isa = PBXBuildFile; fileRef = 109A3D84217BCF3B00B92077 /* main.m */; };
		109A3D8F217BCF3B00B92077 /* iosFlixAppTests.m in Sources */ = {isa = PBXBuildFile; fileRef = 109A3D8E217BCF3B00B92077 /* iosFlixAppTests.m */; };
		109A3D9A217BCF3B00B92077 /* iosFlixAppUITests.m in Sources */ = {isa = PBXBuildFile; fileRef = 109A3D99217BCF3B00B92077 /* iosFlixAppUITests.m */; };
		33185189F3687420119F5155 /* libPods-iosFlixApp.a in Frameworks */ = {isa = PBXBuildFile; fileRef = 5B2F7FCDEB8696EB2ADABE6E /* libPods-iosFlixApp.a */; };
		BC491A612DC79E4CCF20DC9C /* libPods-iosFlixAppUITests.a in Frameworks */ = {isa = PBXBuildFile; fileRef = 65D9B9F30D34C31474327655 /* libPods-iosFlixAppUITests.a */; };
		E8F03574F51FB9BB8D3B180A /* libPods-iosFlixAppTests.a in Frameworks */ = {isa = PBXBuildFile; fileRef = 5E41FC62B0EA83F463257F13 /* libPods-iosFlixAppTests.a */; };
/* End PBXBuildFile section */

/* Begin PBXContainerItemProxy section */
		109A3D8B217BCF3B00B92077 /* PBXContainerItemProxy */ = {
			isa = PBXContainerItemProxy;
			containerPortal = 109A3D6A217BCF3800B92077 /* Project object */;
			proxyType = 1;
			remoteGlobalIDString = 109A3D71217BCF3800B92077;
			remoteInfo = iosFlixApp;
		};
		109A3D96217BCF3B00B92077 /* PBXContainerItemProxy */ = {
			isa = PBXContainerItemProxy;
			containerPortal = 109A3D6A217BCF3800B92077 /* Project object */;
			proxyType = 1;
			remoteGlobalIDString = 109A3D71217BCF3800B92077;
			remoteInfo = iosFlixApp;
		};
/* End PBXContainerItemProxy section */

/* Begin PBXFileReference section */
		10262C552193F6C400DE2DB2 /* MoviesViewController.h */ = {isa = PBXFileReference; lastKnownFileType = sourcecode.c.h; path = MoviesViewController.h; sourceTree = "<group>"; };
		10262C562193F6C400DE2DB2 /* MoviesViewController.m */ = {isa = PBXFileReference; lastKnownFileType = sourcecode.c.objc; path = MoviesViewController.m; sourceTree = "<group>"; };
		10262C5B219502B600DE2DB2 /* MovieCell.h */ = {isa = PBXFileReference; lastKnownFileType = sourcecode.c.h; path = MovieCell.h; sourceTree = "<group>"; };
		10262C5C219502B600DE2DB2 /* MovieCell.m */ = {isa = PBXFileReference; lastKnownFileType = sourcecode.c.objc; path = MovieCell.m; sourceTree = "<group>"; };
		10262C5E219A3C0A00DE2DB2 /* DetailsViewController.h */ = {isa = PBXFileReference; lastKnownFileType = sourcecode.c.h; path = DetailsViewController.h; sourceTree = "<group>"; };
		10262C5F219A3C0A00DE2DB2 /* DetailsViewController.m */ = {isa = PBXFileReference; lastKnownFileType = sourcecode.c.objc; path = DetailsViewController.m; sourceTree = "<group>"; };
		109A3D72217BCF3800B92077 /* iosFlixApp.app */ = {isa = PBXFileReference; explicitFileType = wrapper.application; includeInIndex = 0; path = iosFlixApp.app; sourceTree = BUILT_PRODUCTS_DIR; };
		109A3D75217BCF3800B92077 /* AppDelegate.h */ = {isa = PBXFileReference; lastKnownFileType = sourcecode.c.h; path = AppDelegate.h; sourceTree = "<group>"; };
		109A3D76217BCF3800B92077 /* AppDelegate.m */ = {isa = PBXFileReference; lastKnownFileType = sourcecode.c.objc; path = AppDelegate.m; sourceTree = "<group>"; };
		109A3D7C217BCF3800B92077 /* Base */ = {isa = PBXFileReference; lastKnownFileType = file.storyboard; name = Base; path = Base.lproj/Main.storyboard; sourceTree = "<group>"; };
		109A3D7E217BCF3B00B92077 /* Assets.xcassets */ = {isa = PBXFileReference; lastKnownFileType = folder.assetcatalog; path = Assets.xcassets; sourceTree = "<group>"; };
		109A3D81217BCF3B00B92077 /* Base */ = {isa = PBXFileReference; lastKnownFileType = file.storyboard; name = Base; path = Base.lproj/LaunchScreen.storyboard; sourceTree = "<group>"; };
		109A3D83217BCF3B00B92077 /* Info.plist */ = {isa = PBXFileReference; lastKnownFileType = text.plist.xml; path = Info.plist; sourceTree = "<group>"; };
		109A3D84217BCF3B00B92077 /* main.m */ = {isa = PBXFileReference; lastKnownFileType = sourcecode.c.objc; path = main.m; sourceTree = "<group>"; };
		109A3D8A217BCF3B00B92077 /* iosFlixAppTests.xctest */ = {isa = PBXFileReference; explicitFileType = wrapper.cfbundle; includeInIndex = 0; path = iosFlixAppTests.xctest; sourceTree = BUILT_PRODUCTS_DIR; };
		109A3D8E217BCF3B00B92077 /* iosFlixAppTests.m */ = {isa = PBXFileReference; lastKnownFileType = sourcecode.c.objc; path = iosFlixAppTests.m; sourceTree = "<group>"; };
		109A3D90217BCF3B00B92077 /* Info.plist */ = {isa = PBXFileReference; lastKnownFileType = text.plist.xml; path = Info.plist; sourceTree = "<group>"; };
		109A3D95217BCF3B00B92077 /* iosFlixAppUITests.xctest */ = {isa = PBXFileReference; explicitFileType = wrapper.cfbundle; includeInIndex = 0; path = iosFlixAppUITests.xctest; sourceTree = BUILT_PRODUCTS_DIR; };
		109A3D99217BCF3B00B92077 /* iosFlixAppUITests.m */ = {isa = PBXFileReference; lastKnownFileType = sourcecode.c.objc; path = iosFlixAppUITests.m; sourceTree = "<group>"; };
		109A3D9B217BCF3B00B92077 /* Info.plist */ = {isa = PBXFileReference; lastKnownFileType = text.plist.xml; path = Info.plist; sourceTree = "<group>"; };
		183DAED22F98C63C2AC3CE7E /* Pods-iosFlixApp.debug.xcconfig */ = {isa = PBXFileReference; includeInIndex = 1; lastKnownFileType = text.xcconfig; name = "Pods-iosFlixApp.debug.xcconfig"; path = "Pods/Target Support Files/Pods-iosFlixApp/Pods-iosFlixApp.debug.xcconfig"; sourceTree = "<group>"; };
		5B2F7FCDEB8696EB2ADABE6E /* libPods-iosFlixApp.a */ = {isa = PBXFileReference; explicitFileType = archive.ar; includeInIndex = 0; path = "libPods-iosFlixApp.a"; sourceTree = BUILT_PRODUCTS_DIR; };
		5E41FC62B0EA83F463257F13 /* libPods-iosFlixAppTests.a */ = {isa = PBXFileReference; explicitFileType = archive.ar; includeInIndex = 0; path = "libPods-iosFlixAppTests.a"; sourceTree = BUILT_PRODUCTS_DIR; };
		65D9B9F30D34C31474327655 /* libPods-iosFlixAppUITests.a */ = {isa = PBXFileReference; explicitFileType = archive.ar; includeInIndex = 0; path = "libPods-iosFlixAppUITests.a"; sourceTree = BUILT_PRODUCTS_DIR; };
		6951F1EF5B45CD1D40B78B1D /* Pods-iosFlixAppTests.release.xcconfig */ = {isa = PBXFileReference; includeInIndex = 1; lastKnownFileType = text.xcconfig; name = "Pods-iosFlixAppTests.release.xcconfig"; path = "Pods/Target Support Files/Pods-iosFlixAppTests/Pods-iosFlixAppTests.release.xcconfig"; sourceTree = "<group>"; };
		7F6EA09D38040E5ADC763518 /* Pods-iosFlixAppUITests.release.xcconfig */ = {isa = PBXFileReference; includeInIndex = 1; lastKnownFileType = text.xcconfig; name = "Pods-iosFlixAppUITests.release.xcconfig"; path = "Pods/Target Support Files/Pods-iosFlixAppUITests/Pods-iosFlixAppUITests.release.xcconfig"; sourceTree = "<group>"; };
		AA71225FA579040F840BC8A6 /* Pods-iosFlixAppTests.debug.xcconfig */ = {isa = PBXFileReference; includeInIndex = 1; lastKnownFileType = text.xcconfig; name = "Pods-iosFlixAppTests.debug.xcconfig"; path = "Pods/Target Support Files/Pods-iosFlixAppTests/Pods-iosFlixAppTests.debug.xcconfig"; sourceTree = "<group>"; };
		D1A4E4017AEE4DE298D9A25D /* Pods-iosFlixAppUITests.debug.xcconfig */ = {isa = PBXFileReference; includeInIndex = 1; lastKnownFileType = text.xcconfig; name = "Pods-iosFlixAppUITests.debug.xcconfig"; path = "Pods/Target Support Files/Pods-iosFlixAppUITests/Pods-iosFlixAppUITests.debug.xcconfig"; sourceTree = "<group>"; };
		E724A0925CD437A3394F71F9 /* Pods-iosFlixApp.release.xcconfig */ = {isa = PBXFileReference; includeInIndex = 1; lastKnownFileType = text.xcconfig; name = "Pods-iosFlixApp.release.xcconfig"; path = "Pods/Target Support Files/Pods-iosFlixApp/Pods-iosFlixApp.release.xcconfig"; sourceTree = "<group>"; };
/* End PBXFileReference section */

/* Begin PBXFrameworksBuildPhase section */
		109A3D6F217BCF3800B92077 /* Frameworks */ = {
			isa = PBXFrameworksBuildPhase;
			buildActionMask = 2147483647;
			files = (
				33185189F3687420119F5155 /* libPods-iosFlixApp.a in Frameworks */,
			);
			runOnlyForDeploymentPostprocessing = 0;
		};
		109A3D87217BCF3B00B92077 /* Frameworks */ = {
			isa = PBXFrameworksBuildPhase;
			buildActionMask = 2147483647;
			files = (
				E8F03574F51FB9BB8D3B180A /* libPods-iosFlixAppTests.a in Frameworks */,
			);
			runOnlyForDeploymentPostprocessing = 0;
		};
		109A3D92217BCF3B00B92077 /* Frameworks */ = {
			isa = PBXFrameworksBuildPhase;
			buildActionMask = 2147483647;
			files = (
				BC491A612DC79E4CCF20DC9C /* libPods-iosFlixAppUITests.a in Frameworks */,
			);
			runOnlyForDeploymentPostprocessing = 0;
		};
/* End PBXFrameworksBuildPhase section */

/* Begin PBXGroup section */
		10262C582193F7A500DE2DB2 /* View Contollers */ = {
			isa = PBXGroup;
			children = (
				10262C552193F6C400DE2DB2 /* MoviesViewController.h */,
				10262C562193F6C400DE2DB2 /* MoviesViewController.m */,
				10262C5E219A3C0A00DE2DB2 /* DetailsViewController.h */,
				10262C5F219A3C0A00DE2DB2 /* DetailsViewController.m */,
			);
			path = "View Contollers";
			sourceTree = "<group>";
		};
		10262C592193F7B200DE2DB2 /* Views */ = {
			isa = PBXGroup;
			children = (
				10262C5B219502B600DE2DB2 /* MovieCell.h */,
				10262C5C219502B600DE2DB2 /* MovieCell.m */,
			);
			path = Views;
			sourceTree = "<group>";
		};
		10262C5A2193F7B900DE2DB2 /* Models */ = {
			isa = PBXGroup;
			children = (
			);
			path = Models;
			sourceTree = "<group>";
		};
		109A3D69217BCF3800B92077 = {
			isa = PBXGroup;
			children = (
				109A3D74217BCF3800B92077 /* iosFlixApp */,
				109A3D8D217BCF3B00B92077 /* iosFlixAppTests */,
				109A3D98217BCF3B00B92077 /* iosFlixAppUITests */,
				109A3D73217BCF3800B92077 /* Products */,
				DF07C067D4E35CF8A1B1B948 /* Pods */,
				C018F9753330AB41B97115C8 /* Frameworks */,
			);
			sourceTree = "<group>";
		};
		109A3D73217BCF3800B92077 /* Products */ = {
			isa = PBXGroup;
			children = (
				109A3D72217BCF3800B92077 /* iosFlixApp.app */,
				109A3D8A217BCF3B00B92077 /* iosFlixAppTests.xctest */,
				109A3D95217BCF3B00B92077 /* iosFlixAppUITests.xctest */,
			);
			name = Products;
			sourceTree = "<group>";
		};
		109A3D74217BCF3800B92077 /* iosFlixApp */ = {
			isa = PBXGroup;
			children = (
				10262C5A2193F7B900DE2DB2 /* Models */,
				10262C592193F7B200DE2DB2 /* Views */,
				10262C582193F7A500DE2DB2 /* View Contollers */,
				109A3D75217BCF3800B92077 /* AppDelegate.h */,
				109A3D76217BCF3800B92077 /* AppDelegate.m */,
				109A3D7B217BCF3800B92077 /* Main.storyboard */,
				109A3D7E217BCF3B00B92077 /* Assets.xcassets */,
				109A3D80217BCF3B00B92077 /* LaunchScreen.storyboard */,
				109A3D83217BCF3B00B92077 /* Info.plist */,
				109A3D84217BCF3B00B92077 /* main.m */,
			);
			path = iosFlixApp;
			sourceTree = "<group>";
		};
		109A3D8D217BCF3B00B92077 /* iosFlixAppTests */ = {
			isa = PBXGroup;
			children = (
				109A3D8E217BCF3B00B92077 /* iosFlixAppTests.m */,
				109A3D90217BCF3B00B92077 /* Info.plist */,
			);
			path = iosFlixAppTests;
			sourceTree = "<group>";
		};
		109A3D98217BCF3B00B92077 /* iosFlixAppUITests */ = {
			isa = PBXGroup;
			children = (
				109A3D99217BCF3B00B92077 /* iosFlixAppUITests.m */,
				109A3D9B217BCF3B00B92077 /* Info.plist */,
			);
			path = iosFlixAppUITests;
			sourceTree = "<group>";
		};
		C018F9753330AB41B97115C8 /* Frameworks */ = {
			isa = PBXGroup;
			children = (
				5B2F7FCDEB8696EB2ADABE6E /* libPods-iosFlixApp.a */,
				5E41FC62B0EA83F463257F13 /* libPods-iosFlixAppTests.a */,
				65D9B9F30D34C31474327655 /* libPods-iosFlixAppUITests.a */,
			);
			name = Frameworks;
			sourceTree = "<group>";
		};
		DF07C067D4E35CF8A1B1B948 /* Pods */ = {
			isa = PBXGroup;
			children = (
				183DAED22F98C63C2AC3CE7E /* Pods-iosFlixApp.debug.xcconfig */,
				E724A0925CD437A3394F71F9 /* Pods-iosFlixApp.release.xcconfig */,
				AA71225FA579040F840BC8A6 /* Pods-iosFlixAppTests.debug.xcconfig */,
				6951F1EF5B45CD1D40B78B1D /* Pods-iosFlixAppTests.release.xcconfig */,
				D1A4E4017AEE4DE298D9A25D /* Pods-iosFlixAppUITests.debug.xcconfig */,
				7F6EA09D38040E5ADC763518 /* Pods-iosFlixAppUITests.release.xcconfig */,
			);
			name = Pods;
			sourceTree = "<group>";
		};
/* End PBXGroup section */

/* Begin PBXNativeTarget section */
		109A3D71217BCF3800B92077 /* iosFlixApp */ = {
			isa = PBXNativeTarget;
			buildConfigurationList = 109A3D9E217BCF3B00B92077 /* Build configuration list for PBXNativeTarget "iosFlixApp" */;
			buildPhases = (
				59B7AB095D7F115B64080E74 /* [CP] Check Pods Manifest.lock */,
				109A3D6E217BCF3800B92077 /* Sources */,
				109A3D6F217BCF3800B92077 /* Frameworks */,
				109A3D70217BCF3800B92077 /* Resources */,
			);
			buildRules = (
			);
			dependencies = (
			);
			name = iosFlixApp;
			productName = iosFlixApp;
			productReference = 109A3D72217BCF3800B92077 /* iosFlixApp.app */;
			productType = "com.apple.product-type.application";
		};
		109A3D89217BCF3B00B92077 /* iosFlixAppTests */ = {
			isa = PBXNativeTarget;
			buildConfigurationList = 109A3DA1217BCF3B00B92077 /* Build configuration list for PBXNativeTarget "iosFlixAppTests" */;
			buildPhases = (
				D36175670451BA19265BA8B1 /* [CP] Check Pods Manifest.lock */,
				109A3D86217BCF3B00B92077 /* Sources */,
				109A3D87217BCF3B00B92077 /* Frameworks */,
				109A3D88217BCF3B00B92077 /* Resources */,
			);
			buildRules = (
			);
			dependencies = (
				109A3D8C217BCF3B00B92077 /* PBXTargetDependency */,
			);
			name = iosFlixAppTests;
			productName = iosFlixAppTests;
			productReference = 109A3D8A217BCF3B00B92077 /* iosFlixAppTests.xctest */;
			productType = "com.apple.product-type.bundle.unit-test";
		};
		109A3D94217BCF3B00B92077 /* iosFlixAppUITests */ = {
			isa = PBXNativeTarget;
			buildConfigurationList = 109A3DA4217BCF3B00B92077 /* Build configuration list for PBXNativeTarget "iosFlixAppUITests" */;
			buildPhases = (
				7C6B85DF6084DC1481BB2CDF /* [CP] Check Pods Manifest.lock */,
				109A3D91217BCF3B00B92077 /* Sources */,
				109A3D92217BCF3B00B92077 /* Frameworks */,
				109A3D93217BCF3B00B92077 /* Resources */,
			);
			buildRules = (
			);
			dependencies = (
				109A3D97217BCF3B00B92077 /* PBXTargetDependency */,
			);
			name = iosFlixAppUITests;
			productName = iosFlixAppUITests;
			productReference = 109A3D95217BCF3B00B92077 /* iosFlixAppUITests.xctest */;
			productType = "com.apple.product-type.bundle.ui-testing";
		};
/* End PBXNativeTarget section */

/* Begin PBXProject section */
		109A3D6A217BCF3800B92077 /* Project object */ = {
			isa = PBXProject;
			attributes = {
				LastUpgradeCheck = 1000;
				ORGANIZATIONNAME = "Kaughlin Caver";
				TargetAttributes = {
					109A3D71217BCF3800B92077 = {
						CreatedOnToolsVersion = 10.0;
					};
					109A3D89217BCF3B00B92077 = {
						CreatedOnToolsVersion = 10.0;
						TestTargetID = 109A3D71217BCF3800B92077;
					};
					109A3D94217BCF3B00B92077 = {
						CreatedOnToolsVersion = 10.0;
						TestTargetID = 109A3D71217BCF3800B92077;
					};
				};
			};
			buildConfigurationList = 109A3D6D217BCF3800B92077 /* Build configuration list for PBXProject "iosFlixApp" */;
			compatibilityVersion = "Xcode 9.3";
			developmentRegion = en;
			hasScannedForEncodings = 0;
			knownRegions = (
				en,
				Base,
			);
			mainGroup = 109A3D69217BCF3800B92077;
			productRefGroup = 109A3D73217BCF3800B92077 /* Products */;
			projectDirPath = "";
			projectRoot = "";
			targets = (
				109A3D71217BCF3800B92077 /* iosFlixApp */,
				109A3D89217BCF3B00B92077 /* iosFlixAppTests */,
				109A3D94217BCF3B00B92077 /* iosFlixAppUITests */,
			);
		};
/* End PBXProject section */

/* Begin PBXResourcesBuildPhase section */
		109A3D70217BCF3800B92077 /* Resources */ = {
			isa = PBXResourcesBuildPhase;
			buildActionMask = 2147483647;
			files = (
				109A3D82217BCF3B00B92077 /* LaunchScreen.storyboard in Resources */,
				109A3D7F217BCF3B00B92077 /* Assets.xcassets in Resources */,
				109A3D7D217BCF3800B92077 /* Main.storyboard in Resources */,
			);
			runOnlyForDeploymentPostprocessing = 0;
		};
		109A3D88217BCF3B00B92077 /* Resources */ = {
			isa = PBXResourcesBuildPhase;
			buildActionMask = 2147483647;
			files = (
			);
			runOnlyForDeploymentPostprocessing = 0;
		};
		109A3D93217BCF3B00B92077 /* Resources */ = {
			isa = PBXResourcesBuildPhase;
			buildActionMask = 2147483647;
			files = (
			);
			runOnlyForDeploymentPostprocessing = 0;
		};
/* End PBXResourcesBuildPhase section */

/* Begin PBXShellScriptBuildPhase section */
		59B7AB095D7F115B64080E74 /* [CP] Check Pods Manifest.lock */ = {
			isa = PBXShellScriptBuildPhase;
			buildActionMask = 2147483647;
			files = (
			);
			inputFileListPaths = (
			);
			inputPaths = (
				"${PODS_PODFILE_DIR_PATH}/Podfile.lock",
				"${PODS_ROOT}/Manifest.lock",
			);
			name = "[CP] Check Pods Manifest.lock";
			outputFileListPaths = (
			);
			outputPaths = (
				"$(DERIVED_FILE_DIR)/Pods-iosFlixApp-checkManifestLockResult.txt",
			);
			runOnlyForDeploymentPostprocessing = 0;
			shellPath = /bin/sh;
			shellScript = "diff \"${PODS_PODFILE_DIR_PATH}/Podfile.lock\" \"${PODS_ROOT}/Manifest.lock\" > /dev/null\nif [ $? != 0 ] ; then\n    # print error to STDERR\n    echo \"error: The sandbox is not in sync with the Podfile.lock. Run 'pod install' or update your CocoaPods installation.\" >&2\n    exit 1\nfi\n# This output is used by Xcode 'outputs' to avoid re-running this script phase.\necho \"SUCCESS\" > \"${SCRIPT_OUTPUT_FILE_0}\"\n";
			showEnvVarsInLog = 0;
		};
		7C6B85DF6084DC1481BB2CDF /* [CP] Check Pods Manifest.lock */ = {
			isa = PBXShellScriptBuildPhase;
			buildActionMask = 2147483647;
			files = (
			);
			inputFileListPaths = (
			);
			inputPaths = (
				"${PODS_PODFILE_DIR_PATH}/Podfile.lock",
				"${PODS_ROOT}/Manifest.lock",
			);
			name = "[CP] Check Pods Manifest.lock";
			outputFileListPaths = (
			);
			outputPaths = (
				"$(DERIVED_FILE_DIR)/Pods-iosFlixAppUITests-checkManifestLockResult.txt",
			);
			runOnlyForDeploymentPostprocessing = 0;
			shellPath = /bin/sh;
			shellScript = "diff \"${PODS_PODFILE_DIR_PATH}/Podfile.lock\" \"${PODS_ROOT}/Manifest.lock\" > /dev/null\nif [ $? != 0 ] ; then\n    # print error to STDERR\n    echo \"error: The sandbox is not in sync with the Podfile.lock. Run 'pod install' or update your CocoaPods installation.\" >&2\n    exit 1\nfi\n# This output is used by Xcode 'outputs' to avoid re-running this script phase.\necho \"SUCCESS\" > \"${SCRIPT_OUTPUT_FILE_0}\"\n";
			showEnvVarsInLog = 0;
		};
		D36175670451BA19265BA8B1 /* [CP] Check Pods Manifest.lock */ = {
			isa = PBXShellScriptBuildPhase;
			buildActionMask = 2147483647;
			files = (
			);
			inputFileListPaths = (
			);
			inputPaths = (
				"${PODS_PODFILE_DIR_PATH}/Podfile.lock",
				"${PODS_ROOT}/Manifest.lock",
			);
			name = "[CP] Check Pods Manifest.lock";
			outputFileListPaths = (
			);
			outputPaths = (
				"$(DERIVED_FILE_DIR)/Pods-iosFlixAppTests-checkManifestLockResult.txt",
			);
			runOnlyForDeploymentPostprocessing = 0;
			shellPath = /bin/sh;
			shellScript = "diff \"${PODS_PODFILE_DIR_PATH}/Podfile.lock\" \"${PODS_ROOT}/Manifest.lock\" > /dev/null\nif [ $? != 0 ] ; then\n    # print error to STDERR\n    echo \"error: The sandbox is not in sync with the Podfile.lock. Run 'pod install' or update your CocoaPods installation.\" >&2\n    exit 1\nfi\n# This output is used by Xcode 'outputs' to avoid re-running this script phase.\necho \"SUCCESS\" > \"${SCRIPT_OUTPUT_FILE_0}\"\n";
			showEnvVarsInLog = 0;
		};
/* End PBXShellScriptBuildPhase section */

/* Begin PBXSourcesBuildPhase section */
		109A3D6E217BCF3800B92077 /* Sources */ = {
			isa = PBXSourcesBuildPhase;
			buildActionMask = 2147483647;
			files = (
				109A3D85217BCF3B00B92077 /* main.m in Sources */,
				10262C60219A3C0A00DE2DB2 /* DetailsViewController.m in Sources */,
				109A3D77217BCF3800B92077 /* AppDelegate.m in Sources */,
				10262C5D219502B600DE2DB2 /* MovieCell.m in Sources */,
				10262C572193F6C400DE2DB2 /* MoviesViewController.m in Sources */,
			);
			runOnlyForDeploymentPostprocessing = 0;
		};
		109A3D86217BCF3B00B92077 /* Sources */ = {
			isa = PBXSourcesBuildPhase;
			buildActionMask = 2147483647;
			files = (
				109A3D8F217BCF3B00B92077 /* iosFlixAppTests.m in Sources */,
			);
			runOnlyForDeploymentPostprocessing = 0;
		};
		109A3D91217BCF3B00B92077 /* Sources */ = {
			isa = PBXSourcesBuildPhase;
			buildActionMask = 2147483647;
			files = (
				109A3D9A217BCF3B00B92077 /* iosFlixAppUITests.m in Sources */,
			);
			runOnlyForDeploymentPostprocessing = 0;
		};
/* End PBXSourcesBuildPhase section */

/* Begin PBXTargetDependency section */
		109A3D8C217BCF3B00B92077 /* PBXTargetDependency */ = {
			isa = PBXTargetDependency;
			target = 109A3D71217BCF3800B92077 /* iosFlixApp */;
			targetProxy = 109A3D8B217BCF3B00B92077 /* PBXContainerItemProxy */;
		};
		109A3D97217BCF3B00B92077 /* PBXTargetDependency */ = {
			isa = PBXTargetDependency;
			target = 109A3D71217BCF3800B92077 /* iosFlixApp */;
			targetProxy = 109A3D96217BCF3B00B92077 /* PBXContainerItemProxy */;
		};
/* End PBXTargetDependency section */

/* Begin PBXVariantGroup section */
		109A3D7B217BCF3800B92077 /* Main.storyboard */ = {
			isa = PBXVariantGroup;
			children = (
				109A3D7C217BCF3800B92077 /* Base */,
			);
			name = Main.storyboard;
			sourceTree = "<group>";
		};
		109A3D80217BCF3B00B92077 /* LaunchScreen.storyboard */ = {
			isa = PBXVariantGroup;
			children = (
				109A3D81217BCF3B00B92077 /* Base */,
			);
			name = LaunchScreen.storyboard;
			sourceTree = "<group>";
		};
/* End PBXVariantGroup section */

/* Begin XCBuildConfiguration section */
		109A3D9C217BCF3B00B92077 /* Debug */ = {
			isa = XCBuildConfiguration;
			buildSettings = {
				ALWAYS_SEARCH_USER_PATHS = NO;
				CLANG_ANALYZER_NONNULL = YES;
				CLANG_ANALYZER_NUMBER_OBJECT_CONVERSION = YES_AGGRESSIVE;
				CLANG_CXX_LANGUAGE_STANDARD = "gnu++14";
				CLANG_CXX_LIBRARY = "libc++";
				CLANG_ENABLE_MODULES = YES;
				CLANG_ENABLE_OBJC_ARC = YES;
				CLANG_ENABLE_OBJC_WEAK = YES;
				CLANG_WARN_BLOCK_CAPTURE_AUTORELEASING = YES;
				CLANG_WARN_BOOL_CONVERSION = YES;
				CLANG_WARN_COMMA = YES;
				CLANG_WARN_CONSTANT_CONVERSION = YES;
				CLANG_WARN_DEPRECATED_OBJC_IMPLEMENTATIONS = YES;
				CLANG_WARN_DIRECT_OBJC_ISA_USAGE = YES_ERROR;
				CLANG_WARN_DOCUMENTATION_COMMENTS = YES;
				CLANG_WARN_EMPTY_BODY = YES;
				CLANG_WARN_ENUM_CONVERSION = YES;
				CLANG_WARN_INFINITE_RECURSION = YES;
				CLANG_WARN_INT_CONVERSION = YES;
				CLANG_WARN_NON_LITERAL_NULL_CONVERSION = YES;
				CLANG_WARN_OBJC_IMPLICIT_RETAIN_SELF = YES;
				CLANG_WARN_OBJC_LITERAL_CONVERSION = YES;
				CLANG_WARN_OBJC_ROOT_CLASS = YES_ERROR;
				CLANG_WARN_RANGE_LOOP_ANALYSIS = YES;
				CLANG_WARN_STRICT_PROTOTYPES = YES;
				CLANG_WARN_SUSPICIOUS_MOVE = YES;
				CLANG_WARN_UNGUARDED_AVAILABILITY = YES_AGGRESSIVE;
				CLANG_WARN_UNREACHABLE_CODE = YES;
				CLANG_WARN__DUPLICATE_METHOD_MATCH = YES;
				CODE_SIGN_IDENTITY = "iPhone Developer";
				COPY_PHASE_STRIP = NO;
				DEBUG_INFORMATION_FORMAT = dwarf;
				ENABLE_STRICT_OBJC_MSGSEND = YES;
				ENABLE_TESTABILITY = YES;
				GCC_C_LANGUAGE_STANDARD = gnu11;
				GCC_DYNAMIC_NO_PIC = NO;
				GCC_NO_COMMON_BLOCKS = YES;
				GCC_OPTIMIZATION_LEVEL = 0;
				GCC_PREPROCESSOR_DEFINITIONS = (
					"DEBUG=1",
					"$(inherited)",
				);
				GCC_WARN_64_TO_32_BIT_CONVERSION = YES;
				GCC_WARN_ABOUT_RETURN_TYPE = YES_ERROR;
				GCC_WARN_UNDECLARED_SELECTOR = YES;
				GCC_WARN_UNINITIALIZED_AUTOS = YES_AGGRESSIVE;
				GCC_WARN_UNUSED_FUNCTION = YES;
				GCC_WARN_UNUSED_VARIABLE = YES;
				IPHONEOS_DEPLOYMENT_TARGET = 12.0;
				MTL_ENABLE_DEBUG_INFO = INCLUDE_SOURCE;
				MTL_FAST_MATH = YES;
				ONLY_ACTIVE_ARCH = YES;
				SDKROOT = iphoneos;
			};
			name = Debug;
		};
		109A3D9D217BCF3B00B92077 /* Release */ = {
			isa = XCBuildConfiguration;
			buildSettings = {
				ALWAYS_SEARCH_USER_PATHS = NO;
				CLANG_ANALYZER_NONNULL = YES;
				CLANG_ANALYZER_NUMBER_OBJECT_CONVERSION = YES_AGGRESSIVE;
				CLANG_CXX_LANGUAGE_STANDARD = "gnu++14";
				CLANG_CXX_LIBRARY = "libc++";
				CLANG_ENABLE_MODULES = YES;
				CLANG_ENABLE_OBJC_ARC = YES;
				CLANG_ENABLE_OBJC_WEAK = YES;
				CLANG_WARN_BLOCK_CAPTURE_AUTORELEASING = YES;
				CLANG_WARN_BOOL_CONVERSION = YES;
				CLANG_WARN_COMMA = YES;
				CLANG_WARN_CONSTANT_CONVERSION = YES;
				CLANG_WARN_DEPRECATED_OBJC_IMPLEMENTATIONS = YES;
				CLANG_WARN_DIRECT_OBJC_ISA_USAGE = YES_ERROR;
				CLANG_WARN_DOCUMENTATION_COMMENTS = YES;
				CLANG_WARN_EMPTY_BODY = YES;
				CLANG_WARN_ENUM_CONVERSION = YES;
				CLANG_WARN_INFINITE_RECURSION = YES;
				CLANG_WARN_INT_CONVERSION = YES;
				CLANG_WARN_NON_LITERAL_NULL_CONVERSION = YES;
				CLANG_WARN_OBJC_IMPLICIT_RETAIN_SELF = YES;
				CLANG_WARN_OBJC_LITERAL_CONVERSION = YES;
				CLANG_WARN_OBJC_ROOT_CLASS = YES_ERROR;
				CLANG_WARN_RANGE_LOOP_ANALYSIS = YES;
				CLANG_WARN_STRICT_PROTOTYPES = YES;
				CLANG_WARN_SUSPICIOUS_MOVE = YES;
				CLANG_WARN_UNGUARDED_AVAILABILITY = YES_AGGRESSIVE;
				CLANG_WARN_UNREACHABLE_CODE = YES;
				CLANG_WARN__DUPLICATE_METHOD_MATCH = YES;
				CODE_SIGN_IDENTITY = "iPhone Developer";
				COPY_PHASE_STRIP = NO;
				DEBUG_INFORMATION_FORMAT = "dwarf-with-dsym";
				ENABLE_NS_ASSERTIONS = NO;
				ENABLE_STRICT_OBJC_MSGSEND = YES;
				GCC_C_LANGUAGE_STANDARD = gnu11;
				GCC_NO_COMMON_BLOCKS = YES;
				GCC_WARN_64_TO_32_BIT_CONVERSION = YES;
				GCC_WARN_ABOUT_RETURN_TYPE = YES_ERROR;
				GCC_WARN_UNDECLARED_SELECTOR = YES;
				GCC_WARN_UNINITIALIZED_AUTOS = YES_AGGRESSIVE;
				GCC_WARN_UNUSED_FUNCTION = YES;
				GCC_WARN_UNUSED_VARIABLE = YES;
				IPHONEOS_DEPLOYMENT_TARGET = 12.0;
				MTL_ENABLE_DEBUG_INFO = NO;
				MTL_FAST_MATH = YES;
				SDKROOT = iphoneos;
				VALIDATE_PRODUCT = YES;
			};
			name = Release;
		};
		109A3D9F217BCF3B00B92077 /* Debug */ = {
			isa = XCBuildConfiguration;
			baseConfigurationReference = 183DAED22F98C63C2AC3CE7E /* Pods-iosFlixApp.debug.xcconfig */;
			buildSettings = {
				ASSETCATALOG_COMPILER_APPICON_NAME = AppIcon;
				CODE_SIGN_STYLE = Automatic;
				DEVELOPMENT_TEAM = RBDM72Q3W2;
				INFOPLIST_FILE = iosFlixApp/Info.plist;
				IPHONEOS_DEPLOYMENT_TARGET = 12.0;
				LD_RUNPATH_SEARCH_PATHS = (
					"$(inherited)",
					"@executable_path/Frameworks",
				);
				PRODUCT_BUNDLE_IDENTIFIER = com.KaughlinCaver.iosFlixApp;
				PRODUCT_NAME = "$(TARGET_NAME)";
				TARGETED_DEVICE_FAMILY = "1,2";
			};
			name = Debug;
		};
		109A3DA0217BCF3B00B92077 /* Release */ = {
			isa = XCBuildConfiguration;
			baseConfigurationReference = E724A0925CD437A3394F71F9 /* Pods-iosFlixApp.release.xcconfig */;
			buildSettings = {
				ASSETCATALOG_COMPILER_APPICON_NAME = AppIcon;
				CODE_SIGN_STYLE = Automatic;
				DEVELOPMENT_TEAM = RBDM72Q3W2;
				INFOPLIST_FILE = iosFlixApp/Info.plist;
				IPHONEOS_DEPLOYMENT_TARGET = 12.0;
				LD_RUNPATH_SEARCH_PATHS = (
					"$(inherited)",
					"@executable_path/Frameworks",
				);
				PRODUCT_BUNDLE_IDENTIFIER = com.KaughlinCaver.iosFlixApp;
				PRODUCT_NAME = "$(TARGET_NAME)";
				TARGETED_DEVICE_FAMILY = "1,2";
			};
			name = Release;
		};
		109A3DA2217BCF3B00B92077 /* Debug */ = {
			isa = XCBuildConfiguration;
			baseConfigurationReference = AA71225FA579040F840BC8A6 /* Pods-iosFlixAppTests.debug.xcconfig */;
			buildSettings = {
				BUNDLE_LOADER = "$(TEST_HOST)";
				CODE_SIGN_STYLE = Automatic;
				INFOPLIST_FILE = iosFlixAppTests/Info.plist;
				LD_RUNPATH_SEARCH_PATHS = (
					"$(inherited)",
					"@executable_path/Frameworks",
					"@loader_path/Frameworks",
				);
				PRODUCT_BUNDLE_IDENTIFIER = com.KaughlinCaver.iosFlixAppTests;
				PRODUCT_NAME = "$(TARGET_NAME)";
				TARGETED_DEVICE_FAMILY = "1,2";
				TEST_HOST = "$(BUILT_PRODUCTS_DIR)/iosFlixApp.app/iosFlixApp";
			};
			name = Debug;
		};
		109A3DA3217BCF3B00B92077 /* Release */ = {
			isa = XCBuildConfiguration;
			baseConfigurationReference = 6951F1EF5B45CD1D40B78B1D /* Pods-iosFlixAppTests.release.xcconfig */;
			buildSettings = {
				BUNDLE_LOADER = "$(TEST_HOST)";
				CODE_SIGN_STYLE = Automatic;
				INFOPLIST_FILE = iosFlixAppTests/Info.plist;
				LD_RUNPATH_SEARCH_PATHS = (
					"$(inherited)",
					"@executable_path/Frameworks",
					"@loader_path/Frameworks",
				);
				PRODUCT_BUNDLE_IDENTIFIER = com.KaughlinCaver.iosFlixAppTests;
				PRODUCT_NAME = "$(TARGET_NAME)";
				TARGETED_DEVICE_FAMILY = "1,2";
				TEST_HOST = "$(BUILT_PRODUCTS_DIR)/iosFlixApp.app/iosFlixApp";
			};
			name = Release;
		};
		109A3DA5217BCF3B00B92077 /* Debug */ = {
			isa = XCBuildConfiguration;
			baseConfigurationReference = D1A4E4017AEE4DE298D9A25D /* Pods-iosFlixAppUITests.debug.xcconfig */;
			buildSettings = {
				CODE_SIGN_STYLE = Automatic;
				INFOPLIST_FILE = iosFlixAppUITests/Info.plist;
				LD_RUNPATH_SEARCH_PATHS = (
					"$(inherited)",
					"@executable_path/Frameworks",
					"@loader_path/Frameworks",
				);
				PRODUCT_BUNDLE_IDENTIFIER = com.KaughlinCaver.iosFlixAppUITests;
				PRODUCT_NAME = "$(TARGET_NAME)";
				TARGETED_DEVICE_FAMILY = "1,2";
				TEST_TARGET_NAME = iosFlixApp;
			};
			name = Debug;
		};
		109A3DA6217BCF3B00B92077 /* Release */ = {
			isa = XCBuildConfiguration;
			baseConfigurationReference = 7F6EA09D38040E5ADC763518 /* Pods-iosFlixAppUITests.release.xcconfig */;
			buildSettings = {
				CODE_SIGN_STYLE = Automatic;
				INFOPLIST_FILE = iosFlixAppUITests/Info.plist;
				LD_RUNPATH_SEARCH_PATHS = (
					"$(inherited)",
					"@executable_path/Frameworks",
					"@loader_path/Frameworks",
				);
				PRODUCT_BUNDLE_IDENTIFIER = com.KaughlinCaver.iosFlixAppUITests;
				PRODUCT_NAME = "$(TARGET_NAME)";
				TARGETED_DEVICE_FAMILY = "1,2";
				TEST_TARGET_NAME = iosFlixApp;
			};
			name = Release;
		};
/* End XCBuildConfiguration section */

/* Begin XCConfigurationList section */
		109A3D6D217BCF3800B92077 /* Build configuration list for PBXProject "iosFlixApp" */ = {
			isa = XCConfigurationList;
			buildConfigurations = (
				109A3D9C217BCF3B00B92077 /* Debug */,
				109A3D9D217BCF3B00B92077 /* Release */,
			);
			defaultConfigurationIsVisible = 0;
			defaultConfigurationName = Release;
		};
		109A3D9E217BCF3B00B92077 /* Build configuration list for PBXNativeTarget "iosFlixApp" */ = {
			isa = XCConfigurationList;
			buildConfigurations = (
				109A3D9F217BCF3B00B92077 /* Debug */,
				109A3DA0217BCF3B00B92077 /* Release */,
			);
			defaultConfigurationIsVisible = 0;
			defaultConfigurationName = Release;
		};
		109A3DA1217BCF3B00B92077 /* Build configuration list for PBXNativeTarget "iosFlixAppTests" */ = {
			isa = XCConfigurationList;
			buildConfigurations = (
				109A3DA2217BCF3B00B92077 /* Debug */,
				109A3DA3217BCF3B00B92077 /* Release */,
			);
			defaultConfigurationIsVisible = 0;
			defaultConfigurationName = Release;
		};
		109A3DA4217BCF3B00B92077 /* Build configuration list for PBXNativeTarget "iosFlixAppUITests" */ = {
			isa = XCConfigurationList;
			buildConfigurations = (
				109A3DA5217BCF3B00B92077 /* Debug */,
				109A3DA6217BCF3B00B92077 /* Release */,
			);
			defaultConfigurationIsVisible = 0;
			defaultConfigurationName = Release;
		};
/* End XCConfigurationList section */
	};
	rootObject = 109A3D6A217BCF3800B92077 /* Project object */;
}
